
Microsoft Visual Studio Solution File, Format Version 12.00
# Visual Studio Version 17
VisualStudioVersion = 17.14.36203.30 d17.14
MinimumVisualStudioVersion = 10.0.40219.1
Project("{FAE04EC0-301F-11D3-BF4B-00C04F79EFBC}") = "S25W6MidtermReview", "S25W6MidtermReview\S25W6MidtermReview.csproj", "{3F4CF46E-ED7D-400F-8C87-8724F34B4DED}"
EndProject
Global
	GlobalSection(SolutionConfigurationPlatforms) = preSolution
		Debug|Any CPU = Debug|Any CPU
		Release|Any CPU = Release|Any CPU
	EndGlobalSection
	GlobalSection(ProjectConfigurationPlatforms) = postSolution
		{3F4CF46E-ED7D-400F-8C87-8724F34B4DED}.Debug|Any CPU.ActiveCfg = Debug|Any CPU
		{3F4CF46E-ED7D-400F-8C87-8724F34B4DED}.Debug|Any CPU.Build.0 = Debug|Any CPU
		{3F4CF46E-ED7D-400F-8C87-8724F34B4DED}.Release|Any CPU.ActiveCfg = Release|Any CPU
		{3F4CF46E-ED7D-400F-8C87-8724F34B4DED}.Release|Any CPU.Build.0 = Release|Any CPU
	EndGlobalSection
	GlobalSection(SolutionProperties) = preSolution
		HideSolutionNode = FALSE
	EndGlobalSection
	GlobalSection(ExtensibilityGlobals) = postSolution
		SolutionGuid = {EC98288A-BD0C-4406-BCEA-3928A9C36C3C}
	EndGlobalSection
EndGlobal
